{
  "version": 4,
  "terraform_version": "1.5.7",
  "serial": 28,
  "lineage": "a90ee790-9cc4-2fc5-8735-55f5a4662647",
  "outputs": {
    "compartments_full": {
      "value": {
        "/cmp_sandbox1": {
          "defined_tags": {
            "Oracle-Standard.CostCenter": "48"
          },
          "description": "let's play",
          "enable_delete": true,
          "freeform_tags": {
            "dept": "dev"
          },
          "name": "cmp_sandbox1",
          "parent_compartment_fqn": "/"
        },
        "/cmp_sandbox1/cmpx_network": {
          "defined_tags": {
            "Oracle-Standard.CostCenter": "49"
          },
          "description": "network resources",
          "enable_delete": true,
          "freeform_tags": {
            "dept": "dev"
          },
          "name": "cmpx_network",
          "parent_compartment_fqn": "/cmp_sandbox1"
        },
        "/cmp_sandbox1/cmpx_network/cmpx_governance": {
          "defined_tags": {
            "Oracle-Standard.CostCenter": "50"
          },
          "description": "governance objects",
          "enable_delete": true,
          "freeform_tags": {
            "dept": "test"
          },
          "name": "cmpx_governance",
          "parent_compartment_fqn": "/cmp_sandbox1/cmpx_network"
        },
        "/cmp_sandbox1/cmpx_network/cmpx_governance/cmpx_decomission": {
          "defined_tags": {
            "Oracle-Standard.CostCenter": "51"
          },
          "description": "decomission area",
          "enable_delete": true,
          "freeform_tags": {
            "dept": "test"
          },
          "name": "cmpx_decomission",
          "parent_compartment_fqn": "/cmp_sandbox1/cmpx_network/cmpx_governance"
        },
        "/cmp_sandbox2": {
          "defined_tags": {
            "Oracle-Standard.CostCenter": "48"
          },
          "description": "let's play",
          "enable_delete": true,
          "freeform_tags": {
            "dept": "dev"
          },
          "name": "cmp_sandbox2",
          "parent_compartment_fqn": "/"
        },
        "/cmp_sandbox2/cmp_network": {
          "defined_tags": {
            "Oracle-Standard.CostCenter": "49"
          },
          "description": "network resources",
          "enable_delete": true,
          "freeform_tags": {
            "dept": "dev"
          },
          "name": "cmp_network",
          "parent_compartment_fqn": "/cmp_sandbox2"
        }
      },
      "type": [
        "object",
        {
          "/cmp_sandbox1": [
            "object",
            {
              "defined_tags": [
                "map",
                "string"
              ],
              "description": "string",
              "enable_delete": "bool",
              "freeform_tags": [
                "map",
                "string"
              ],
              "name": "string",
              "parent_compartment_fqn": "string"
            }
          ],
          "/cmp_sandbox1/cmpx_network": [
            "object",
            {
              "defined_tags": [
                "map",
                "string"
              ],
              "description": "string",
              "enable_delete": "bool",
              "freeform_tags": [
                "map",
                "string"
              ],
              "name": "string",
              "parent_compartment_fqn": "string"
            }
          ],
          "/cmp_sandbox1/cmpx_network/cmpx_governance": [
            "object",
            {
              "defined_tags": [
                "map",
                "string"
              ],
              "description": "string",
              "enable_delete": "bool",
              "freeform_tags": [
                "map",
                "string"
              ],
              "name": "string",
              "parent_compartment_fqn": "string"
            }
          ],
          "/cmp_sandbox1/cmpx_network/cmpx_governance/cmpx_decomission": [
            "object",
            {
              "defined_tags": [
                "map",
                "string"
              ],
              "description": "string",
              "enable_delete": "bool",
              "freeform_tags": [
                "map",
                "string"
              ],
              "name": "string",
              "parent_compartment_fqn": "string"
            }
          ],
          "/cmp_sandbox2": [
            "object",
            {
              "defined_tags": [
                "map",
                "string"
              ],
              "description": "string",
              "enable_delete": "bool",
              "freeform_tags": [
                "map",
                "string"
              ],
              "name": "string",
              "parent_compartment_fqn": "string"
            }
          ],
          "/cmp_sandbox2/cmp_network": [
            "object",
            {
              "defined_tags": [
                "map",
                "string"
              ],
              "description": "string",
              "enable_delete": "bool",
              "freeform_tags": [
                "map",
                "string"
              ],
              "name": "string",
              "parent_compartment_fqn": "string"
            }
          ]
        }
      ]
    },
    "level1_compartments": {
      "value": {
        "/cmp_sandbox1": {},
        "/cmp_sandbox2": {}
      },
      "type": [
        "object",
        {
          "/cmp_sandbox1": [
            "object",
            {}
          ],
          "/cmp_sandbox2": [
            "object",
            {}
          ]
        }
      ]
    },
    "level2_compartments": {
      "value": {
        "/cmp_sandbox1/cmpx_network": {},
        "/cmp_sandbox2/cmp_network": {}
      },
      "type": [
        "object",
        {
          "/cmp_sandbox1/cmpx_network": [
            "object",
            {}
          ],
          "/cmp_sandbox2/cmp_network": [
            "object",
            {}
          ]
        }
      ]
    },
    "level3_compartments": {
      "value": {
        "/cmp_sandbox1/cmpx_network/cmpx_governance": {}
      },
      "type": [
        "object",
        {
          "/cmp_sandbox1/cmpx_network/cmpx_governance": [
            "object",
            {}
          ]
        }
      ]
    },
    "level4_compartments": {
      "value": {
        "/cmp_sandbox1/cmpx_network/cmpx_governance/cmpx_decomission": {}
      },
      "type": [
        "object",
        {
          "/cmp_sandbox1/cmpx_network/cmpx_governance/cmpx_decomission": [
            "object",
            {}
          ]
        }
      ]
    },
    "level5_compartments": {
      "value": {},
      "type": [
        "object",
        {}
      ]
    },
    "level6_compartments": {
      "value": {},
      "type": [
        "object",
        {}
      ]
    }
  },
  "resources": [
    {
      "mode": "managed",
      "type": "oci_identity_compartment",
      "name": "level1_compartments",
      "provider": "provider[\"registry.terraform.io/oracle/oci\"]",
      "instances": [
        {
          "index_key": "/cmp_sandbox1",
          "schema_version": 0,
          "attributes": {
            "compartment_id": "ocid1.tenancy.oc1..aaaaaaaao33ryc7wv422dmz7pvsgtuiwkpashkrraafjknvqvu5avfc4wl3a",
            "defined_tags": {
              "Oracle-Standard.CostCenter": "48",
              "Oracle-Tags.CreatedBy": "default/ryszard.styczynski@oracle.com",
              "Oracle-Tags.CreatedOn": "2024-04-12T19:10:38.200Z"
            },
            "description": "let's play",
            "enable_delete": true,
            "freeform_tags": {
              "dept": "dev"
            },
            "id": "ocid1.compartment.oc1..aaaaaaaacc6yb523bylfnjaenc5a5zcfdcgbk6wxtmt7gfpoxrzamw6m7rmq",
            "inactive_state": null,
            "is_accessible": true,
            "name": "cmp_sandbox1",
            "state": "ACTIVE",
            "time_created": "2024-04-12 19:10:38.234 +0000 UTC",
            "timeouts": null
          },
          "sensitive_attributes": [],
          "private": "eyJlMmJmYjczMC1lY2FhLTExZTYtOGY4OC0zNDM2M2JjN2M0YzAiOnsiZGVsZXRlIjo1NDAwMDAwMDAwMDAwfX0="
        },
        {
          "index_key": "/cmp_sandbox2",
          "schema_version": 0,
          "attributes": {
            "compartment_id": "ocid1.tenancy.oc1..aaaaaaaao33ryc7wv422dmz7pvsgtuiwkpashkrraafjknvqvu5avfc4wl3a",
            "defined_tags": {
              "Oracle-Standard.CostCenter": "48",
              "Oracle-Tags.CreatedBy": "default/ryszard.styczynski@oracle.com",
              "Oracle-Tags.CreatedOn": "2024-04-22T07:44:57.977Z"
            },
            "description": "let's play",
            "enable_delete": true,
            "freeform_tags": {
              "dept": "dev"
            },
            "id": "ocid1.compartment.oc1..aaaaaaaanxjyhtiv2uyb5xowh6luect5bqmtojaawgvxxq3vh53bzqtdsk7q",
            "inactive_state": null,
            "is_accessible": true,
            "name": "cmp_sandbox2",
            "state": "ACTIVE",
            "time_created": "2024-04-22 07:44:58.056 +0000 UTC",
            "timeouts": null
          },
          "sensitive_attributes": [],
          "private": "eyJlMmJmYjczMC1lY2FhLTExZTYtOGY4OC0zNDM2M2JjN2M0YzAiOnsiZGVsZXRlIjo1NDAwMDAwMDAwMDAwfX0="
        }
      ]
    },
    {
      "mode": "managed",
      "type": "oci_identity_compartment",
      "name": "level2_compartments",
      "provider": "provider[\"registry.terraform.io/oracle/oci\"]",
      "instances": [
        {
          "index_key": "/cmp_sandbox1/cmpx_network",
          "schema_version": 0,
          "attributes": {
            "compartment_id": "ocid1.compartment.oc1..aaaaaaaacc6yb523bylfnjaenc5a5zcfdcgbk6wxtmt7gfpoxrzamw6m7rmq",
            "defined_tags": {
              "Oracle-Standard.CostCenter": "49",
              "Oracle-Tags.CreatedBy": "default/ryszard.styczynski@oracle.com",
              "Oracle-Tags.CreatedOn": "2024-04-12T19:11:02.902Z"
            },
            "description": "network resources",
            "enable_delete": true,
            "freeform_tags": {
              "dept": "dev"
            },
            "id": "ocid1.compartment.oc1..aaaaaaaa5ehfovb4buoy3so5f6par7mho7xq34wgu3do3uz7ln4eac5vud6q",
            "inactive_state": null,
            "is_accessible": true,
            "name": "cmpx_network",
            "state": "ACTIVE",
            "time_created": "2024-04-12 19:11:03.611 +0000 UTC",
            "timeouts": null
          },
          "sensitive_attributes": [],
          "private": "eyJlMmJmYjczMC1lY2FhLTExZTYtOGY4OC0zNDM2M2JjN2M0YzAiOnsiZGVsZXRlIjo1NDAwMDAwMDAwMDAwfX0=",
          "dependencies": [
            "oci_identity_compartment.level1_compartments"
          ]
        },
        {
          "index_key": "/cmp_sandbox2/cmp_network",
          "schema_version": 0,
          "attributes": {
            "compartment_id": "ocid1.compartment.oc1..aaaaaaaanxjyhtiv2uyb5xowh6luect5bqmtojaawgvxxq3vh53bzqtdsk7q",
            "defined_tags": {
              "Oracle-Standard.CostCenter": "49",
              "Oracle-Tags.CreatedBy": "default/ryszard.styczynski@oracle.com",
              "Oracle-Tags.CreatedOn": "2024-04-22T07:45:06.703Z"
            },
            "description": "network resources",
            "enable_delete": true,
            "freeform_tags": {
              "dept": "dev"
            },
            "id": "ocid1.compartment.oc1..aaaaaaaa445rleuht66e7doov6xrq3336nwp2dzznmyw3q2vjnihcd4ssvmq",
            "inactive_state": null,
            "is_accessible": true,
            "name": "cmp_network",
            "state": "ACTIVE",
            "time_created": "2024-04-22 07:45:06.746 +0000 UTC",
            "timeouts": null
          },
          "sensitive_attributes": [],
          "private": "eyJlMmJmYjczMC1lY2FhLTExZTYtOGY4OC0zNDM2M2JjN2M0YzAiOnsiZGVsZXRlIjo1NDAwMDAwMDAwMDAwfX0=",
          "dependencies": [
            "oci_identity_compartment.level1_compartments"
          ]
        }
      ]
    },
    {
      "mode": "managed",
      "type": "oci_identity_compartment",
      "name": "level3_compartments",
      "provider": "provider[\"registry.terraform.io/oracle/oci\"]",
      "instances": [
        {
          "index_key": "/cmp_sandbox1/cmpx_network/cmpx_governance",
          "schema_version": 0,
          "attributes": {
            "compartment_id": "ocid1.compartment.oc1..aaaaaaaa5ehfovb4buoy3so5f6par7mho7xq34wgu3do3uz7ln4eac5vud6q",
            "defined_tags": {
              "Oracle-Standard.CostCenter": "50",
              "Oracle-Tags.CreatedBy": "default/ryszard.styczynski@oracle.com",
              "Oracle-Tags.CreatedOn": "2024-04-12T19:11:14.347Z"
            },
            "description": "governance objects",
            "enable_delete": true,
            "freeform_tags": {
              "dept": "test"
            },
            "id": "ocid1.compartment.oc1..aaaaaaaaaotq4bno6ffpe3ov2i7ve6umteppaoevbzq5jxvjiog22qbftfra",
            "inactive_state": null,
            "is_accessible": true,
            "name": "cmpx_governance",
            "state": "ACTIVE",
            "time_created": "2024-04-12 19:11:14.442 +0000 UTC",
            "timeouts": null
          },
          "sensitive_attributes": [],
          "private": "eyJlMmJmYjczMC1lY2FhLTExZTYtOGY4OC0zNDM2M2JjN2M0YzAiOnsiZGVsZXRlIjo1NDAwMDAwMDAwMDAwfX0=",
          "dependencies": [
            "oci_identity_compartment.level1_compartments",
            "oci_identity_compartment.level2_compartments"
          ]
        }
      ]
    },
    {
      "mode": "managed",
      "type": "oci_identity_compartment",
      "name": "level4_compartments",
      "provider": "provider[\"registry.terraform.io/oracle/oci\"]",
      "instances": [
        {
          "index_key": "/cmp_sandbox1/cmpx_network/cmpx_governance/cmpx_decomission",
          "schema_version": 0,
          "attributes": {
            "compartment_id": "ocid1.compartment.oc1..aaaaaaaaaotq4bno6ffpe3ov2i7ve6umteppaoevbzq5jxvjiog22qbftfra",
            "defined_tags": {
              "Oracle-Standard.CostCenter": "51",
              "Oracle-Tags.CreatedBy": "default/ryszard.styczynski@oracle.com",
              "Oracle-Tags.CreatedOn": "2024-04-12T19:11:26.376Z"
            },
            "description": "decomission area",
            "enable_delete": true,
            "freeform_tags": {
              "dept": "test"
            },
            "id": "ocid1.compartment.oc1..aaaaaaaafjg336ojdeql6ehvp2m6ezbcihtlg2qbpo6wtj2uj2wbruknvkuq",
            "inactive_state": null,
            "is_accessible": true,
            "name": "cmpx_decomission",
            "state": "ACTIVE",
            "time_created": "2024-04-12 19:11:26.424 +0000 UTC",
            "timeouts": null
          },
          "sensitive_attributes": [],
          "private": "eyJlMmJmYjczMC1lY2FhLTExZTYtOGY4OC0zNDM2M2JjN2M0YzAiOnsiZGVsZXRlIjo1NDAwMDAwMDAwMDAwfX0=",
          "dependencies": [
            "oci_identity_compartment.level1_compartments",
            "oci_identity_compartment.level2_compartments",
            "oci_identity_compartment.level3_compartments"
          ]
        }
      ]
    },
    {
      "module": "module.comm",
      "mode": "data",
      "type": "oci_objectstorage_namespace",
      "name": "os_namespace",
      "provider": "provider[\"registry.terraform.io/oracle/oci\"]",
      "instances": [
        {
          "schema_version": 0,
          "attributes": {
            "compartment_id": null,
            "id": "ObjectStorageNamespaceDataSource-0",
            "namespace": "axzxglhlranb"
          },
          "sensitive_attributes": []
        }
      ]
    },
    {
      "module": "module.comm",
      "mode": "data",
      "type": "oci_objectstorage_object",
      "name": "created_objects_compartments",
      "provider": "provider[\"registry.terraform.io/oracle/oci\"]",
      "instances": [
        {
          "index_key": 0,
          "schema_version": 0,
          "attributes": {
            "base64_encode_content": false,
            "bucket": "bucket-20240412-2237",
            "cache_control": null,
            "content": "{\"/cmp_team1\":{\"compartment_id\":\"ocid1.tenancy.oc1..aaaaaaaao33ryc7wv422dmz7pvsgtuiwkpashkrraafjknvqvu5avfc4wl3a\",\"defined_tags\":{\"Oracle-Tags.CreatedBy\":\"default/ryszard.styczynski@oracle.com\",\"Oracle-Tags.CreatedOn\":\"2024-04-20T21:25:20.816Z\"},\"description\":\"let's play\",\"enable_delete\":null,\"freeform_tags\":{\"dept\":\"development\"},\"id\":\"ocid1.compartment.oc1..aaaaaaaac3ewbmx2favie7mifuhlgasenflus3dyy6hqccmyariptujv6lfa\",\"inactive_state\":null,\"is_accessible\":true,\"name\":\"cmp_team1\",\"state\":\"ACTIVE\",\"time_created\":\"2024-04-20 21:25:21.386 +0000 UTC\",\"timeouts\":null},\"/cmp_team1/cmp_network\":{\"compartment_id\":\"ocid1.compartment.oc1..aaaaaaaac3ewbmx2favie7mifuhlgasenflus3dyy6hqccmyariptujv6lfa\",\"defined_tags\":{\"Oracle-Tags.CreatedBy\":\"default/ryszard.styczynski@oracle.com\",\"Oracle-Tags.CreatedOn\":\"2024-04-20T21:25:47.354Z\"},\"description\":\"network resources\",\"enable_delete\":null,\"freeform_tags\":{\"dept\":\"development\"},\"id\":\"ocid1.compartment.oc1..aaaaaaaatwdds6xed36yz4zqobletebjfsu2jknm63exdioumapo336snnwq\",\"inactive_state\":null,\"is_accessible\":true,\"name\":\"cmp_network\",\"state\":\"ACTIVE\",\"time_created\":\"2024-04-20 21:25:47.451 +0000 UTC\",\"timeouts\":null}}",
            "content_disposition": null,
            "content_encoding": null,
            "content_language": null,
            "content_length": "1166",
            "content_length_limit": 1048576,
            "content_md5": "W4CTj8b6esGo8r2U6VP9SQ==",
            "content_type": "application/json",
            "http_response_cache_control": null,
            "http_response_content_disposition": null,
            "http_response_content_encoding": null,
            "http_response_content_language": null,
            "http_response_content_type": null,
            "http_response_expires": null,
            "id": "ObjectStorageObjectDataSource-2007528413",
            "metadata": {},
            "namespace": "axzxglhlranb",
            "object": "oci/infra/created_objects_compartments.json",
            "storage_tier": "Standard",
            "version_id": "1271ae88-98fe-4d79-9aad-422dc8b96d13"
          },
          "sensitive_attributes": []
        }
      ]
    },
    {
      "module": "module.comm",
      "mode": "data",
      "type": "oci_objectstorage_object",
      "name": "created_objects_vcns",
      "provider": "provider[\"registry.terraform.io/oracle/oci\"]",
      "instances": [
        {
          "index_key": 0,
          "schema_version": 0,
          "attributes": {
            "base64_encode_content": null,
            "bucket": null,
            "cache_control": null,
            "content": null,
            "content_disposition": null,
            "content_encoding": null,
            "content_language": null,
            "content_length": null,
            "content_length_limit": null,
            "content_md5": null,
            "content_type": null,
            "http_response_cache_control": null,
            "http_response_content_disposition": null,
            "http_response_content_encoding": null,
            "http_response_content_language": null,
            "http_response_content_type": null,
            "http_response_expires": null,
            "id": null,
            "metadata": null,
            "namespace": null,
            "object": null,
            "storage_tier": null,
            "version_id": null
          },
          "sensitive_attributes": []
        }
      ]
    },
    {
      "module": "module.comm",
      "mode": "managed",
      "type": "oci_objectstorage_object",
      "name": "created_objects",
      "provider": "provider[\"registry.terraform.io/oracle/oci\"]",
      "instances": [
        {
          "index_key": 0,
          "schema_version": 0,
          "attributes": {
            "bucket": "bucket-20240412-2237",
            "cache_control": null,
            "content": "c0538a6285958201c31c8f88a25307b8",
            "content_disposition": null,
            "content_encoding": null,
            "content_language": null,
            "content_length": "3765",
            "content_md5": "wFOKYoWVggHDHI+IolMHuA==",
            "content_type": "application/json",
            "delete_all_object_versions": false,
            "id": "n/axzxglhlranb/b/bucket-20240412-2237/o/oci%2Finfra%2Fcreated_objects_compartments.json",
            "metadata": null,
            "namespace": "axzxglhlranb",
            "object": "oci/infra/created_objects_compartments.json",
            "opc_sse_kms_key_id": null,
            "source": null,
            "source_uri_details": [],
            "state": "COMPLETED",
            "storage_tier": "Standard",
            "timeouts": null,
            "version_id": "b3b6b867-3f1c-426c-9915-dc871a660948",
            "work_request_id": ""
          },
          "sensitive_attributes": [],
          "private": "eyJlMmJmYjczMC1lY2FhLTExZTYtOGY4OC0zNDM2M2JjN2M0YzAiOnsiY3JlYXRlIjoxMjAwMDAwMDAwMDAwLCJkZWxldGUiOjEyMDAwMDAwMDAwMDAsInVwZGF0ZSI6MTIwMDAwMDAwMDAwMH19",
          "dependencies": [
            "module.comm.data.oci_objectstorage_namespace.os_namespace",
            "oci_identity_compartment.level1_compartments",
            "oci_identity_compartment.level2_compartments",
            "oci_identity_compartment.level3_compartments",
            "oci_identity_compartment.level4_compartments",
            "oci_identity_compartment.level5_compartments",
            "oci_identity_compartment.level6_compartments"
          ]
        }
      ]
    }
  ],
  "check_results": null
}
