{
  "version": 4,
  "terraform_version": "1.5.7",
  "serial": 49,
  "lineage": "3cc7764b-c557-1c02-1012-3f00364636b9",
  "outputs": {
    "vcn_deploy": {
      "value": {
        "/hub_XY2/vcn_test3": {
          "cidr_block": "172.16.0.0/20",
          "compartment_fqn": "/cmp_sandbox2",
          "compartment_id": "ocid1.compartment.oc1..aaaaaaaanxjyhtiv2uyb5xowh6luect5bqmtojaawgvxxq3vh53bzqtdsk7q",
          "defined_tags": {
            "Oracle-Standard.CostCenter": "51"
          },
          "description": null,
          "display_name": "vcn_test3",
          "dns_label": null,
          "freeform_tags": {
            "dept": "HR",
            "fqn": "/hub_XY2/vcn_test3"
          },
          "location_fqn": "/hub_XY2"
        },
        "/hub_XY2/vcn_test4": {
          "cidr_block": "172.16.0.0/20",
          "compartment_fqn": "/cmp_sandbox2",
          "compartment_id": "ocid1.compartment.oc1..aaaaaaaanxjyhtiv2uyb5xowh6luect5bqmtojaawgvxxq3vh53bzqtdsk7q",
          "defined_tags": {
            "Oracle-Standard.CostCenter": "53"
          },
          "description": null,
          "display_name": "vcn_test4",
          "dns_label": null,
          "freeform_tags": {
            "dept": "HR",
            "fqn": "/hub_XY2/vcn_test4"
          },
          "location_fqn": "/hub_XY2"
        },
        "/sandbox/cmpx_network/vcn_test1": {
          "cidr_block": "172.16.0.0/20",
          "compartment_fqn": "/sandbox/cmpx_network",
          "compartment_id": "ocid1.compartment.oc1..aaaaaaaacqzbijemvmj4lzndc5654nooaavglkrwq7724ws2hxy4der6jwcq",
          "defined_tags": {
            "Oracle-Standard.CostCenter": "48"
          },
          "description": null,
          "display_name": "vcn_test1",
          "dns_label": null,
          "freeform_tags": {
            "dept": "dev",
            "fqn": "/sandbox/cmpx_network/vcn_test1"
          },
          "location_fqn": "/sandbox/cmpx_network"
        },
        "/sandbox/cmpx_network/vcn_test2": {
          "cidr_block": "172.17.0.0/20",
          "compartment_fqn": "/sandbox/cmpx_network",
          "compartment_id": "ocid1.compartment.oc1..aaaaaaaacqzbijemvmj4lzndc5654nooaavglkrwq7724ws2hxy4der6jwcq",
          "defined_tags": {
            "Oracle-Standard.CostCenter": "48"
          },
          "description": null,
          "display_name": "vcn_test2",
          "dns_label": null,
          "freeform_tags": {
            "dept": "dev",
            "fqn": "/sandbox/cmpx_network/vcn_test2"
          },
          "location_fqn": "/sandbox/cmpx_network"
        },
        "/sandbox/vcn_test3": {
          "cidr_block": "172.18.0.0/20",
          "compartment_fqn": "/sandbox",
          "compartment_id": "ocid1.compartment.oc1..aaaaaaaawemj6cyudmuistlyhoybisetjkwvbtqc2nel6c4ntpn4wzk43enq",
          "defined_tags": {
            "Oracle-Standard.CostCenter": "48"
          },
          "description": null,
          "display_name": "vcn_test3",
          "dns_label": null,
          "freeform_tags": {
            "dept": "dev",
            "fqn": "/sandbox/vcn_test3"
          },
          "location_fqn": "/sandbox"
        },
        "/sandboxXXX/vcn_test3a": {
          "cidr_block": "172.18.0.0/20",
          "compartment_fqn": "/sandbox",
          "compartment_id": "ocid1.compartment.oc1..aaaaaaaawemj6cyudmuistlyhoybisetjkwvbtqc2nel6c4ntpn4wzk43enq",
          "defined_tags": {
            "Oracle-Standard.CostCenter": "48"
          },
          "description": null,
          "display_name": "vcn_test3a",
          "dns_label": null,
          "freeform_tags": {
            "dept": "dev",
            "fqn": "/sandboxXXX/vcn_test3a"
          },
          "location_fqn": "/sandboxXXX"
        },
        "/spoke_GC2/vcn_test1": {
          "cidr_block": "172.16.0.0/20",
          "compartment_fqn": "/cmp_sandbox2/cmp_network",
          "compartment_id": "ocid1.compartment.oc1..aaaaaaaa445rleuht66e7doov6xrq3336nwp2dzznmyw3q2vjnihcd4ssvmq",
          "defined_tags": {
            "Oracle-Standard.CostCenter": "48"
          },
          "description": null,
          "display_name": "vcn_test1",
          "dns_label": null,
          "freeform_tags": {
            "dept": "dev",
            "fqn": "/spoke_GC2/vcn_test1"
          },
          "location_fqn": "/spoke_GC2"
        },
        "/spoke_GC2/vcn_test2": {
          "cidr_block": "172.16.0.0/20",
          "compartment_fqn": "/cmp_sandbox2/cmp_network",
          "compartment_id": "ocid1.compartment.oc1..aaaaaaaa445rleuht66e7doov6xrq3336nwp2dzznmyw3q2vjnihcd4ssvmq",
          "defined_tags": {
            "Oracle-Standard.CostCenter": "49"
          },
          "description": null,
          "display_name": "vcn_test2",
          "dns_label": "test2",
          "freeform_tags": {
            "dept": "test",
            "fqn": "/spoke_GC2/vcn_test2"
          },
          "location_fqn": "/spoke_GC2"
        }
      },
      "type": [
        "object",
        {
          "/hub_XY2/vcn_test3": [
            "object",
            {
              "cidr_block": "string",
              "compartment_fqn": "string",
              "compartment_id": "string",
              "defined_tags": [
                "map",
                "string"
              ],
              "description": "dynamic",
              "display_name": "string",
              "dns_label": "string",
              "freeform_tags": [
                "object",
                {
                  "dept": "string",
                  "fqn": "string"
                }
              ],
              "location_fqn": "string"
            }
          ],
          "/hub_XY2/vcn_test4": [
            "object",
            {
              "cidr_block": "string",
              "compartment_fqn": "string",
              "compartment_id": "string",
              "defined_tags": [
                "map",
                "string"
              ],
              "description": "dynamic",
              "display_name": "string",
              "dns_label": "string",
              "freeform_tags": [
                "object",
                {
                  "dept": "string",
                  "fqn": "string"
                }
              ],
              "location_fqn": "string"
            }
          ],
          "/sandbox/cmpx_network/vcn_test1": [
            "object",
            {
              "cidr_block": "string",
              "compartment_fqn": "string",
              "compartment_id": "string",
              "defined_tags": [
                "map",
                "string"
              ],
              "description": "dynamic",
              "display_name": "string",
              "dns_label": "string",
              "freeform_tags": [
                "object",
                {
                  "dept": "string",
                  "fqn": "string"
                }
              ],
              "location_fqn": "string"
            }
          ],
          "/sandbox/cmpx_network/vcn_test2": [
            "object",
            {
              "cidr_block": "string",
              "compartment_fqn": "string",
              "compartment_id": "string",
              "defined_tags": [
                "map",
                "string"
              ],
              "description": "dynamic",
              "display_name": "string",
              "dns_label": "string",
              "freeform_tags": [
                "object",
                {
                  "dept": "string",
                  "fqn": "string"
                }
              ],
              "location_fqn": "string"
            }
          ],
          "/sandbox/vcn_test3": [
            "object",
            {
              "cidr_block": "string",
              "compartment_fqn": "string",
              "compartment_id": "string",
              "defined_tags": [
                "map",
                "string"
              ],
              "description": "dynamic",
              "display_name": "string",
              "dns_label": "string",
              "freeform_tags": [
                "object",
                {
                  "dept": "string",
                  "fqn": "string"
                }
              ],
              "location_fqn": "string"
            }
          ],
          "/sandboxXXX/vcn_test3a": [
            "object",
            {
              "cidr_block": "string",
              "compartment_fqn": "string",
              "compartment_id": "string",
              "defined_tags": [
                "map",
                "string"
              ],
              "description": "dynamic",
              "display_name": "string",
              "dns_label": "string",
              "freeform_tags": [
                "object",
                {
                  "dept": "string",
                  "fqn": "string"
                }
              ],
              "location_fqn": "string"
            }
          ],
          "/spoke_GC2/vcn_test1": [
            "object",
            {
              "cidr_block": "string",
              "compartment_fqn": "string",
              "compartment_id": "string",
              "defined_tags": [
                "map",
                "string"
              ],
              "description": "dynamic",
              "display_name": "string",
              "dns_label": "string",
              "freeform_tags": [
                "object",
                {
                  "dept": "string",
                  "fqn": "string"
                }
              ],
              "location_fqn": "string"
            }
          ],
          "/spoke_GC2/vcn_test2": [
            "object",
            {
              "cidr_block": "string",
              "compartment_fqn": "string",
              "compartment_id": "string",
              "defined_tags": [
                "map",
                "string"
              ],
              "description": "dynamic",
              "display_name": "string",
              "dns_label": "string",
              "freeform_tags": [
                "object",
                {
                  "dept": "string",
                  "fqn": "string"
                }
              ],
              "location_fqn": "string"
            }
          ]
        }
      ]
    }
  },
  "resources": [
    {
      "mode": "managed",
      "type": "oci_core_vcn",
      "name": "vcns",
      "provider": "provider[\"registry.terraform.io/oracle/oci\"]",
      "instances": [
        {
          "index_key": "/hub_XY2/vcn_test3",
          "schema_version": 0,
          "attributes": {
            "byoipv6cidr_blocks": [],
            "byoipv6cidr_details": [],
            "cidr_block": "172.16.0.0/20",
            "cidr_blocks": [
              "172.16.0.0/20"
            ],
            "compartment_id": "ocid1.compartment.oc1..aaaaaaaanxjyhtiv2uyb5xowh6luect5bqmtojaawgvxxq3vh53bzqtdsk7q",
            "default_dhcp_options_id": "ocid1.dhcpoptions.oc1.me-dubai-1.aaaaaaaacj4pz4hqjd4vg524iahl4s6han6yuklhfvd6w3jut22vt66relca",
            "default_route_table_id": "ocid1.routetable.oc1.me-dubai-1.aaaaaaaa3nxrfsv7xot2cwgocyobhojh4bdbw6vqf3n4eeytphpeeksugmba",
            "default_security_list_id": "ocid1.securitylist.oc1.me-dubai-1.aaaaaaaaavbi2roaoyllsyhudlc36w6ae3n3of55aav7kos2d2iy2nyiveua",
            "defined_tags": {
              "Oracle-Standard.CostCenter": "51",
              "Oracle-Tags.CreatedBy": "default/ryszard.styczynski@oracle.com",
              "Oracle-Tags.CreatedOn": "2024-04-22T08:17:18.824Z"
            },
            "display_name": "vcn_test3",
            "dns_label": null,
            "freeform_tags": {
              "dept": "HR",
              "fqn": "/hub_XY2/vcn_test3"
            },
            "id": "ocid1.vcn.oc1.me-dubai-1.amaaaaaasyse3maanbnlcgxgtvpr6hc7mwnigu5bfisyibqgwtte2ubddl2a",
            "ipv6cidr_blocks": [],
            "ipv6private_cidr_blocks": [],
            "is_ipv6enabled": false,
            "is_oracle_gua_allocation_enabled": null,
            "state": "AVAILABLE",
            "time_created": "2024-04-22 08:17:18.898 +0000 UTC",
            "timeouts": null,
            "vcn_domain_name": null
          },
          "sensitive_attributes": [],
          "private": "eyJlMmJmYjczMC1lY2FhLTExZTYtOGY4OC0zNDM2M2JjN2M0YzAiOnsiY3JlYXRlIjoxMjAwMDAwMDAwMDAwLCJkZWxldGUiOjEyMDAwMDAwMDAwMDAsInVwZGF0ZSI6MTIwMDAwMDAwMDAwMH19",
          "dependencies": [
            "module.comm.data.local_file.load_compartment_data",
            "module.comm.data.local_file.load_vcn_data",
            "module.comm.data.oci_objectstorage_namespace.os_namespace",
            "module.comm.data.oci_objectstorage_object.created_objects_compartments",
            "module.comm.data.oci_objectstorage_object.created_objects_vcns"
          ]
        },
        {
          "index_key": "/hub_XY2/vcn_test4",
          "schema_version": 0,
          "attributes": {
            "byoipv6cidr_blocks": [],
            "byoipv6cidr_details": [],
            "cidr_block": "172.16.0.0/20",
            "cidr_blocks": [
              "172.16.0.0/20"
            ],
            "compartment_id": "ocid1.compartment.oc1..aaaaaaaanxjyhtiv2uyb5xowh6luect5bqmtojaawgvxxq3vh53bzqtdsk7q",
            "default_dhcp_options_id": "ocid1.dhcpoptions.oc1.me-dubai-1.aaaaaaaatn54qp2k227gfehqzlxg2puvhn2la3ol3o3hx5bqiytrod2u63ha",
            "default_route_table_id": "ocid1.routetable.oc1.me-dubai-1.aaaaaaaadpkxmacd3bh3cvtrhfpbqccjsklh4z7i6kndhgd577cdwtrhpeoa",
            "default_security_list_id": "ocid1.securitylist.oc1.me-dubai-1.aaaaaaaarfpkvwmepnzem3fcjzkeqrztxw7wtt4mdlpaz44doob4sa3ug53a",
            "defined_tags": {
              "Oracle-Standard.CostCenter": "53",
              "Oracle-Tags.CreatedBy": "default/ryszard.styczynski@oracle.com",
              "Oracle-Tags.CreatedOn": "2024-04-22T08:17:18.831Z"
            },
            "display_name": "vcn_test4",
            "dns_label": null,
            "freeform_tags": {
              "dept": "HR",
              "fqn": "/hub_XY2/vcn_test4"
            },
            "id": "ocid1.vcn.oc1.me-dubai-1.amaaaaaasyse3maa5fg4mrkjazr2prtk6co67jiizjbzallw32ca5k552uiq",
            "ipv6cidr_blocks": [],
            "ipv6private_cidr_blocks": [],
            "is_ipv6enabled": false,
            "is_oracle_gua_allocation_enabled": null,
            "state": "AVAILABLE",
            "time_created": "2024-04-22 08:17:18.898 +0000 UTC",
            "timeouts": null,
            "vcn_domain_name": null
          },
          "sensitive_attributes": [],
          "private": "eyJlMmJmYjczMC1lY2FhLTExZTYtOGY4OC0zNDM2M2JjN2M0YzAiOnsiY3JlYXRlIjoxMjAwMDAwMDAwMDAwLCJkZWxldGUiOjEyMDAwMDAwMDAwMDAsInVwZGF0ZSI6MTIwMDAwMDAwMDAwMH19",
          "dependencies": [
            "module.comm.data.local_file.load_compartment_data",
            "module.comm.data.local_file.load_vcn_data",
            "module.comm.data.oci_objectstorage_namespace.os_namespace",
            "module.comm.data.oci_objectstorage_object.created_objects_compartments",
            "module.comm.data.oci_objectstorage_object.created_objects_vcns"
          ]
        },
        {
          "index_key": "/sandbox/cmpx_network/vcn_test1",
          "schema_version": 0,
          "attributes": {
            "byoipv6cidr_blocks": [],
            "byoipv6cidr_details": [],
            "cidr_block": "172.16.0.0/20",
            "cidr_blocks": [
              "172.16.0.0/20"
            ],
            "compartment_id": "ocid1.compartment.oc1..aaaaaaaacqzbijemvmj4lzndc5654nooaavglkrwq7724ws2hxy4der6jwcq",
            "default_dhcp_options_id": "ocid1.dhcpoptions.oc1.me-dubai-1.aaaaaaaawqfm7alu3etu2oqqycptm3lc5xqbr2g6i7ey5agqaeyjajn7f7ua",
            "default_route_table_id": "ocid1.routetable.oc1.me-dubai-1.aaaaaaaaewwz67syrvf4jkwz5shiz2ictiejcanbam7a752peoemszublpeq",
            "default_security_list_id": "ocid1.securitylist.oc1.me-dubai-1.aaaaaaaapltvrzazallu4v4g42e7oitdz7gugikqpe6opt6lto2kvbviibdq",
            "defined_tags": {
              "Oracle-Standard.CostCenter": "48",
              "Oracle-Tags.CreatedBy": "default/ryszard.styczynski@oracle.com",
              "Oracle-Tags.CreatedOn": "2024-04-24T10:13:05.478Z"
            },
            "display_name": "vcn_test1",
            "dns_label": null,
            "freeform_tags": {
              "dept": "dev",
              "fqn": "/sandbox/cmpx_network/vcn_test1"
            },
            "id": "ocid1.vcn.oc1.me-dubai-1.amaaaaaasyse3maak6o35iglogvznl2yuidfmuqujxmc5lhqxe576wz4g5dq",
            "ipv6cidr_blocks": [],
            "ipv6private_cidr_blocks": [],
            "is_ipv6enabled": false,
            "is_oracle_gua_allocation_enabled": null,
            "state": "AVAILABLE",
            "time_created": "2024-04-24 10:13:05.637 +0000 UTC",
            "timeouts": null,
            "vcn_domain_name": null
          },
          "sensitive_attributes": [],
          "private": "eyJlMmJmYjczMC1lY2FhLTExZTYtOGY4OC0zNDM2M2JjN2M0YzAiOnsiY3JlYXRlIjoxMjAwMDAwMDAwMDAwLCJkZWxldGUiOjEyMDAwMDAwMDAwMDAsInVwZGF0ZSI6MTIwMDAwMDAwMDAwMH19",
          "dependencies": [
            "module.comm.data.local_file.load_compartment_data",
            "module.comm.data.local_file.load_vcn_data",
            "module.comm.data.oci_objectstorage_namespace.os_namespace",
            "module.comm.data.oci_objectstorage_object.created_objects_compartments",
            "module.comm.data.oci_objectstorage_object.created_objects_vcns"
          ]
        },
        {
          "index_key": "/sandbox/cmpx_network/vcn_test2",
          "schema_version": 0,
          "attributes": {
            "byoipv6cidr_blocks": [],
            "byoipv6cidr_details": [],
            "cidr_block": "172.17.0.0/20",
            "cidr_blocks": [
              "172.17.0.0/20"
            ],
            "compartment_id": "ocid1.compartment.oc1..aaaaaaaacqzbijemvmj4lzndc5654nooaavglkrwq7724ws2hxy4der6jwcq",
            "default_dhcp_options_id": "ocid1.dhcpoptions.oc1.me-dubai-1.aaaaaaaadnqljwe2mrsdwuzujhfw5udspf3duf7gg4hcuzrg7uor7hobpwya",
            "default_route_table_id": "ocid1.routetable.oc1.me-dubai-1.aaaaaaaa7yjnta54ssdiy46w5y7shwyrqntbxx2kcod35k5ihihq5xejoblq",
            "default_security_list_id": "ocid1.securitylist.oc1.me-dubai-1.aaaaaaaayfquejc7fuihuua5w6d4g6rhfdas6z2eymug6bnvldfqyahrsmba",
            "defined_tags": {
              "Oracle-Standard.CostCenter": "48",
              "Oracle-Tags.CreatedBy": "default/ryszard.styczynski@oracle.com",
              "Oracle-Tags.CreatedOn": "2024-04-24T10:13:05.486Z"
            },
            "display_name": "vcn_test2",
            "dns_label": null,
            "freeform_tags": {
              "dept": "dev",
              "fqn": "/sandbox/cmpx_network/vcn_test2"
            },
            "id": "ocid1.vcn.oc1.me-dubai-1.amaaaaaasyse3maadtbqszxyn6nywin4ltwcbljj344cwkn5dlrbtr5u5d5a",
            "ipv6cidr_blocks": [],
            "ipv6private_cidr_blocks": [],
            "is_ipv6enabled": false,
            "is_oracle_gua_allocation_enabled": null,
            "state": "AVAILABLE",
            "time_created": "2024-04-24 10:13:05.604 +0000 UTC",
            "timeouts": null,
            "vcn_domain_name": null
          },
          "sensitive_attributes": [],
          "private": "eyJlMmJmYjczMC1lY2FhLTExZTYtOGY4OC0zNDM2M2JjN2M0YzAiOnsiY3JlYXRlIjoxMjAwMDAwMDAwMDAwLCJkZWxldGUiOjEyMDAwMDAwMDAwMDAsInVwZGF0ZSI6MTIwMDAwMDAwMDAwMH19",
          "dependencies": [
            "module.comm.data.local_file.load_compartment_data",
            "module.comm.data.local_file.load_vcn_data",
            "module.comm.data.oci_objectstorage_namespace.os_namespace",
            "module.comm.data.oci_objectstorage_object.created_objects_compartments",
            "module.comm.data.oci_objectstorage_object.created_objects_vcns"
          ]
        },
        {
          "index_key": "/sandbox/vcn_test3",
          "schema_version": 0,
          "attributes": {
            "byoipv6cidr_blocks": [],
            "byoipv6cidr_details": [],
            "cidr_block": "172.18.0.0/20",
            "cidr_blocks": [
              "172.18.0.0/20"
            ],
            "compartment_id": "ocid1.compartment.oc1..aaaaaaaawemj6cyudmuistlyhoybisetjkwvbtqc2nel6c4ntpn4wzk43enq",
            "default_dhcp_options_id": "ocid1.dhcpoptions.oc1.me-dubai-1.aaaaaaaagp56hyleijnsfvnz4jw74kbkjhbsntdlyc5sdpnsi4j6ty7nwgra",
            "default_route_table_id": "ocid1.routetable.oc1.me-dubai-1.aaaaaaaabyaca65h4hxdadn2rjs257ra7idjtefj66ng7saxeuvznr33gwxq",
            "default_security_list_id": "ocid1.securitylist.oc1.me-dubai-1.aaaaaaaa7vvui5dpq6uebvbih5cbbuzh6xgwp4zzst4erutbag75ogsbpr3q",
            "defined_tags": {
              "Oracle-Standard.CostCenter": "48",
              "Oracle-Tags.CreatedBy": "default/ryszard.styczynski@oracle.com",
              "Oracle-Tags.CreatedOn": "2024-04-24T10:15:04.921Z"
            },
            "display_name": "vcn_test3",
            "dns_label": null,
            "freeform_tags": {
              "dept": "dev",
              "fqn": "/sandbox/vcn_test3"
            },
            "id": "ocid1.vcn.oc1.me-dubai-1.amaaaaaasyse3maar2o5ivekq4gik3pxrxyicdtuvvfhgxtyhqhyc7dtu3yq",
            "ipv6cidr_blocks": [],
            "ipv6private_cidr_blocks": [],
            "is_ipv6enabled": false,
            "is_oracle_gua_allocation_enabled": null,
            "state": "AVAILABLE",
            "time_created": "2024-04-24 10:15:04.983 +0000 UTC",
            "timeouts": null,
            "vcn_domain_name": null
          },
          "sensitive_attributes": [],
          "private": "eyJlMmJmYjczMC1lY2FhLTExZTYtOGY4OC0zNDM2M2JjN2M0YzAiOnsiY3JlYXRlIjoxMjAwMDAwMDAwMDAwLCJkZWxldGUiOjEyMDAwMDAwMDAwMDAsInVwZGF0ZSI6MTIwMDAwMDAwMDAwMH19",
          "dependencies": [
            "module.comm.data.local_file.load_compartment_data",
            "module.comm.data.local_file.load_vcn_data",
            "module.comm.data.oci_objectstorage_namespace.os_namespace",
            "module.comm.data.oci_objectstorage_object.created_objects_compartments",
            "module.comm.data.oci_objectstorage_object.created_objects_vcns"
          ]
        },
        {
          "index_key": "/sandboxXXX/vcn_test3a",
          "schema_version": 0,
          "attributes": {
            "byoipv6cidr_blocks": [],
            "byoipv6cidr_details": [],
            "cidr_block": "172.18.0.0/20",
            "cidr_blocks": [
              "172.18.0.0/20"
            ],
            "compartment_id": "ocid1.compartment.oc1..aaaaaaaawemj6cyudmuistlyhoybisetjkwvbtqc2nel6c4ntpn4wzk43enq",
            "default_dhcp_options_id": "ocid1.dhcpoptions.oc1.me-dubai-1.aaaaaaaaokxmks35gctckfxqktmkybq6slv6rooqr2r33vdb6auyuyzxeeiq",
            "default_route_table_id": "ocid1.routetable.oc1.me-dubai-1.aaaaaaaamnn6c7muttn6mhuj4kvxv4v3sesof6ezzyfalllzziktjjjumnfa",
            "default_security_list_id": "ocid1.securitylist.oc1.me-dubai-1.aaaaaaaarzg3fyryrat2u7tw4m2fbv3ceq4oz2uc7xupkoweub5r7dvni2hq",
            "defined_tags": {
              "Oracle-Standard.CostCenter": "48",
              "Oracle-Tags.CreatedBy": "default/ryszard.styczynski@oracle.com",
              "Oracle-Tags.CreatedOn": "2024-04-24T12:05:47.465Z"
            },
            "display_name": "vcn_test3a",
            "dns_label": null,
            "freeform_tags": {
              "dept": "dev",
              "fqn": "/sandboxXXX/vcn_test3a"
            },
            "id": "ocid1.vcn.oc1.me-dubai-1.amaaaaaasyse3maapts5tj7ngg7ni3uxboqmpsaesfeyfr4rzftueqruijoq",
            "ipv6cidr_blocks": [],
            "ipv6private_cidr_blocks": [],
            "is_ipv6enabled": false,
            "is_oracle_gua_allocation_enabled": null,
            "state": "AVAILABLE",
            "time_created": "2024-04-24 12:05:47.535 +0000 UTC",
            "timeouts": null,
            "vcn_domain_name": null
          },
          "sensitive_attributes": [],
          "private": "eyJlMmJmYjczMC1lY2FhLTExZTYtOGY4OC0zNDM2M2JjN2M0YzAiOnsiY3JlYXRlIjoxMjAwMDAwMDAwMDAwLCJkZWxldGUiOjEyMDAwMDAwMDAwMDAsInVwZGF0ZSI6MTIwMDAwMDAwMDAwMH19",
          "dependencies": [
            "module.comm.data.local_file.load_compartment_data",
            "module.comm.data.local_file.load_vcn_data",
            "module.comm.data.oci_objectstorage_namespace.os_namespace",
            "module.comm.data.oci_objectstorage_object.created_objects_compartments",
            "module.comm.data.oci_objectstorage_object.created_objects_vcns"
          ]
        },
        {
          "index_key": "/spoke_GC2/vcn_test1",
          "schema_version": 0,
          "attributes": {
            "byoipv6cidr_blocks": [],
            "byoipv6cidr_details": [],
            "cidr_block": "172.16.0.0/20",
            "cidr_blocks": [
              "172.16.0.0/20"
            ],
            "compartment_id": "ocid1.compartment.oc1..aaaaaaaa445rleuht66e7doov6xrq3336nwp2dzznmyw3q2vjnihcd4ssvmq",
            "default_dhcp_options_id": "ocid1.dhcpoptions.oc1.me-dubai-1.aaaaaaaafx3m2bvjs37xppiohj2mseud77z32mn6dacps45u6yen2p2nqjda",
            "default_route_table_id": "ocid1.routetable.oc1.me-dubai-1.aaaaaaaafgbfy5rgqk25ss3ze45xbiuyjrl4fshhw5e633frk6w3om32oo3a",
            "default_security_list_id": "ocid1.securitylist.oc1.me-dubai-1.aaaaaaaa2nwd36qagxjbdyfpflp2fxg4grvqqcvdmdfpxe3nuihc4iacohvq",
            "defined_tags": {
              "Oracle-Standard.CostCenter": "48",
              "Oracle-Tags.CreatedBy": "default/ryszard.styczynski@oracle.com",
              "Oracle-Tags.CreatedOn": "2024-04-22T08:17:18.802Z"
            },
            "display_name": "vcn_test1",
            "dns_label": null,
            "freeform_tags": {
              "dept": "dev",
              "fqn": "/spoke_GC2/vcn_test1"
            },
            "id": "ocid1.vcn.oc1.me-dubai-1.amaaaaaasyse3maa47zawi3mhhexvywgue7y7obafzphnepwqqsoodw5ulga",
            "ipv6cidr_blocks": [],
            "ipv6private_cidr_blocks": [],
            "is_ipv6enabled": false,
            "is_oracle_gua_allocation_enabled": null,
            "state": "AVAILABLE",
            "time_created": "2024-04-22 08:17:18.897 +0000 UTC",
            "timeouts": null,
            "vcn_domain_name": null
          },
          "sensitive_attributes": [],
          "private": "eyJlMmJmYjczMC1lY2FhLTExZTYtOGY4OC0zNDM2M2JjN2M0YzAiOnsiY3JlYXRlIjoxMjAwMDAwMDAwMDAwLCJkZWxldGUiOjEyMDAwMDAwMDAwMDAsInVwZGF0ZSI6MTIwMDAwMDAwMDAwMH19",
          "dependencies": [
            "module.comm.data.local_file.load_compartment_data",
            "module.comm.data.local_file.load_vcn_data",
            "module.comm.data.oci_objectstorage_namespace.os_namespace",
            "module.comm.data.oci_objectstorage_object.created_objects_compartments",
            "module.comm.data.oci_objectstorage_object.created_objects_vcns"
          ]
        },
        {
          "index_key": "/spoke_GC2/vcn_test2",
          "schema_version": 0,
          "attributes": {
            "byoipv6cidr_blocks": [],
            "byoipv6cidr_details": [],
            "cidr_block": "172.16.0.0/20",
            "cidr_blocks": [
              "172.16.0.0/20"
            ],
            "compartment_id": "ocid1.compartment.oc1..aaaaaaaa445rleuht66e7doov6xrq3336nwp2dzznmyw3q2vjnihcd4ssvmq",
            "default_dhcp_options_id": "ocid1.dhcpoptions.oc1.me-dubai-1.aaaaaaaaflafop3rlzs3zzduh2uvgyx7r6uizyjulzaspptfla7zmv2q2kva",
            "default_route_table_id": "ocid1.routetable.oc1.me-dubai-1.aaaaaaaat4k5wl4qotmxsfbe5pur673pisut75z5bnvsqxq33o5gwbsl6yna",
            "default_security_list_id": "ocid1.securitylist.oc1.me-dubai-1.aaaaaaaatlpdga6m7urdtkvu6m4xacsroigigxzrktq7w6ofnmytlo67723q",
            "defined_tags": {
              "Oracle-Standard.CostCenter": "49",
              "Oracle-Tags.CreatedBy": "default/ryszard.styczynski@oracle.com",
              "Oracle-Tags.CreatedOn": "2024-04-22T08:17:18.805Z"
            },
            "display_name": "vcn_test2",
            "dns_label": "test2",
            "freeform_tags": {
              "dept": "test",
              "fqn": "/spoke_GC2/vcn_test2"
            },
            "id": "ocid1.vcn.oc1.me-dubai-1.amaaaaaasyse3maau573z546pmwqezj6hbemfn4l6sdm6cgbbw7h5cbybixq",
            "ipv6cidr_blocks": [],
            "ipv6private_cidr_blocks": [],
            "is_ipv6enabled": false,
            "is_oracle_gua_allocation_enabled": null,
            "state": "AVAILABLE",
            "time_created": "2024-04-22 08:17:18.871 +0000 UTC",
            "timeouts": null,
            "vcn_domain_name": "test2.oraclevcn.com"
          },
          "sensitive_attributes": [],
          "private": "eyJlMmJmYjczMC1lY2FhLTExZTYtOGY4OC0zNDM2M2JjN2M0YzAiOnsiY3JlYXRlIjoxMjAwMDAwMDAwMDAwLCJkZWxldGUiOjEyMDAwMDAwMDAwMDAsInVwZGF0ZSI6MTIwMDAwMDAwMDAwMH19",
          "dependencies": [
            "module.comm.data.local_file.load_compartment_data",
            "module.comm.data.local_file.load_vcn_data",
            "module.comm.data.oci_objectstorage_namespace.os_namespace",
            "module.comm.data.oci_objectstorage_object.created_objects_compartments",
            "module.comm.data.oci_objectstorage_object.created_objects_vcns"
          ]
        }
      ]
    },
    {
      "module": "module.comm",
      "mode": "data",
      "type": "oci_objectstorage_namespace",
      "name": "os_namespace",
      "provider": "provider[\"registry.terraform.io/oracle/oci\"]",
      "instances": [
        {
          "schema_version": 0,
          "attributes": {
            "compartment_id": null,
            "id": "ObjectStorageNamespaceDataSource-0",
            "namespace": "axzxglhlranb"
          },
          "sensitive_attributes": []
        }
      ]
    },
    {
      "module": "module.comm",
      "mode": "data",
      "type": "oci_objectstorage_object",
      "name": "created_objects_compartments",
      "provider": "provider[\"registry.terraform.io/oracle/oci\"]",
      "instances": [
        {
          "index_key": 0,
          "schema_version": 0,
          "attributes": {
            "base64_encode_content": false,
            "bucket": "bucket-20240412-2237",
            "cache_control": null,
            "content": "{\"/cmp_sandbox1\":{\"compartment_id\":\"ocid1.tenancy.oc1..aaaaaaaao33ryc7wv422dmz7pvsgtuiwkpashkrraafjknvqvu5avfc4wl3a\",\"defined_tags\":{\"Oracle-Standard.CostCenter\":\"48\",\"Oracle-Tags.CreatedBy\":\"default/ryszard.styczynski@oracle.com\",\"Oracle-Tags.CreatedOn\":\"2024-04-12T19:10:38.200Z\"},\"description\":\"let's play\",\"enable_delete\":true,\"freeform_tags\":{\"dept\":\"dev\"},\"id\":\"ocid1.compartment.oc1..aaaaaaaacc6yb523bylfnjaenc5a5zcfdcgbk6wxtmt7gfpoxrzamw6m7rmq\",\"inactive_state\":null,\"is_accessible\":true,\"name\":\"cmp_sandbox1\",\"state\":\"ACTIVE\",\"time_created\":\"2024-04-12 19:10:38.234 +0000 UTC\",\"timeouts\":null},\"/cmp_sandbox1/cmpx_network\":{\"compartment_id\":\"ocid1.compartment.oc1..aaaaaaaacc6yb523bylfnjaenc5a5zcfdcgbk6wxtmt7gfpoxrzamw6m7rmq\",\"defined_tags\":{\"Oracle-Standard.CostCenter\":\"49\",\"Oracle-Tags.CreatedBy\":\"default/ryszard.styczynski@oracle.com\",\"Oracle-Tags.CreatedOn\":\"2024-04-12T19:11:02.902Z\"},\"description\":\"network resources\",\"enable_delete\":true,\"freeform_tags\":{\"dept\":\"dev\"},\"id\":\"ocid1.compartment.oc1..aaaaaaaa5ehfovb4buoy3so5f6par7mho7xq34wgu3do3uz7ln4eac5vud6q\",\"inactive_state\":null,\"is_accessible\":true,\"name\":\"cmpx_network\",\"state\":\"ACTIVE\",\"time_created\":\"2024-04-12 19:11:03.611 +0000 UTC\",\"timeouts\":null},\"/cmp_sandbox1/cmpx_network/cmpx_governance\":{\"compartment_id\":\"ocid1.compartment.oc1..aaaaaaaa5ehfovb4buoy3so5f6par7mho7xq34wgu3do3uz7ln4eac5vud6q\",\"defined_tags\":{\"Oracle-Standard.CostCenter\":\"50\",\"Oracle-Tags.CreatedBy\":\"default/ryszard.styczynski@oracle.com\",\"Oracle-Tags.CreatedOn\":\"2024-04-12T19:11:14.347Z\"},\"description\":\"governance objects\",\"enable_delete\":true,\"freeform_tags\":{\"dept\":\"test\"},\"id\":\"ocid1.compartment.oc1..aaaaaaaaaotq4bno6ffpe3ov2i7ve6umteppaoevbzq5jxvjiog22qbftfra\",\"inactive_state\":null,\"is_accessible\":true,\"name\":\"cmpx_governance\",\"state\":\"ACTIVE\",\"time_created\":\"2024-04-12 19:11:14.442 +0000 UTC\",\"timeouts\":null},\"/cmp_sandbox1/cmpx_network/cmpx_governance/cmpx_decomission\":{\"compartment_id\":\"ocid1.compartment.oc1..aaaaaaaaaotq4bno6ffpe3ov2i7ve6umteppaoevbzq5jxvjiog22qbftfra\",\"defined_tags\":{\"Oracle-Standard.CostCenter\":\"51\",\"Oracle-Tags.CreatedBy\":\"default/ryszard.styczynski@oracle.com\",\"Oracle-Tags.CreatedOn\":\"2024-04-12T19:11:26.376Z\"},\"description\":\"decomission area\",\"enable_delete\":true,\"freeform_tags\":{\"dept\":\"test\"},\"id\":\"ocid1.compartment.oc1..aaaaaaaafjg336ojdeql6ehvp2m6ezbcihtlg2qbpo6wtj2uj2wbruknvkuq\",\"inactive_state\":null,\"is_accessible\":true,\"name\":\"cmpx_decomission\",\"state\":\"ACTIVE\",\"time_created\":\"2024-04-12 19:11:26.424 +0000 UTC\",\"timeouts\":null},\"/cmp_sandbox2\":{\"compartment_id\":\"ocid1.tenancy.oc1..aaaaaaaao33ryc7wv422dmz7pvsgtuiwkpashkrraafjknvqvu5avfc4wl3a\",\"defined_tags\":{\"Oracle-Standard.CostCenter\":\"48\",\"Oracle-Tags.CreatedBy\":\"default/ryszard.styczynski@oracle.com\",\"Oracle-Tags.CreatedOn\":\"2024-04-22T07:44:57.977Z\"},\"description\":\"let's play\",\"enable_delete\":true,\"freeform_tags\":{\"dept\":\"dev\"},\"id\":\"ocid1.compartment.oc1..aaaaaaaanxjyhtiv2uyb5xowh6luect5bqmtojaawgvxxq3vh53bzqtdsk7q\",\"inactive_state\":null,\"is_accessible\":true,\"name\":\"cmp_sandbox2\",\"state\":\"ACTIVE\",\"time_created\":\"2024-04-22 07:44:58.056 +0000 UTC\",\"timeouts\":null},\"/cmp_sandbox2/cmp_network\":{\"compartment_id\":\"ocid1.compartment.oc1..aaaaaaaanxjyhtiv2uyb5xowh6luect5bqmtojaawgvxxq3vh53bzqtdsk7q\",\"defined_tags\":{\"Oracle-Standard.CostCenter\":\"49\",\"Oracle-Tags.CreatedBy\":\"default/ryszard.styczynski@oracle.com\",\"Oracle-Tags.CreatedOn\":\"2024-04-22T07:45:06.703Z\"},\"description\":\"network resources\",\"enable_delete\":true,\"freeform_tags\":{\"dept\":\"dev\"},\"id\":\"ocid1.compartment.oc1..aaaaaaaa445rleuht66e7doov6xrq3336nwp2dzznmyw3q2vjnihcd4ssvmq\",\"inactive_state\":null,\"is_accessible\":true,\"name\":\"cmp_network\",\"state\":\"ACTIVE\",\"time_created\":\"2024-04-22 07:45:06.746 +0000 UTC\",\"timeouts\":null}}",
            "content_disposition": null,
            "content_encoding": null,
            "content_language": null,
            "content_length": "3765",
            "content_length_limit": 1048576,
            "content_md5": "wFOKYoWVggHDHI+IolMHuA==",
            "content_type": "application/json",
            "http_response_cache_control": null,
            "http_response_content_disposition": null,
            "http_response_content_encoding": null,
            "http_response_content_language": null,
            "http_response_content_type": null,
            "http_response_expires": null,
            "id": "ObjectStorageObjectDataSource-2007528413",
            "metadata": {},
            "namespace": "axzxglhlranb",
            "object": "oci/infra/created_objects_compartments.json",
            "storage_tier": "Standard",
            "version_id": "6e2c1ae8-1594-48d2-af0d-2e70c2c929a1"
          },
          "sensitive_attributes": []
        }
      ]
    },
    {
      "module": "module.comm",
      "mode": "data",
      "type": "oci_objectstorage_object",
      "name": "created_objects_vcns",
      "provider": "provider[\"registry.terraform.io/oracle/oci\"]",
      "instances": [
        {
          "index_key": 0,
          "schema_version": 0,
          "attributes": {
            "base64_encode_content": null,
            "bucket": null,
            "cache_control": null,
            "content": null,
            "content_disposition": null,
            "content_encoding": null,
            "content_language": null,
            "content_length": null,
            "content_length_limit": null,
            "content_md5": null,
            "content_type": null,
            "http_response_cache_control": null,
            "http_response_content_disposition": null,
            "http_response_content_encoding": null,
            "http_response_content_language": null,
            "http_response_content_type": null,
            "http_response_expires": null,
            "id": null,
            "metadata": null,
            "namespace": null,
            "object": null,
            "storage_tier": null,
            "version_id": null
          },
          "sensitive_attributes": []
        }
      ]
    },
    {
      "module": "module.comm",
      "mode": "managed",
      "type": "oci_objectstorage_object",
      "name": "created_objects",
      "provider": "provider[\"registry.terraform.io/oracle/oci\"]",
      "instances": [
        {
          "index_key": 0,
          "schema_version": 0,
          "attributes": {
            "bucket": "bucket-20240412-2237",
            "cache_control": null,
            "content": "d6f0c44ce37fe92f12c2c6246c631ca8",
            "content_disposition": null,
            "content_encoding": null,
            "content_language": null,
            "content_length": "9577",
            "content_md5": "1vDETON/6S8SwsYkbGMcqA==",
            "content_type": "application/json",
            "delete_all_object_versions": false,
            "id": "n/axzxglhlranb/b/bucket-20240412-2237/o/oci%2Finfra%2Fcreated_objects_vcns.json",
            "metadata": null,
            "namespace": "axzxglhlranb",
            "object": "oci/infra/created_objects_vcns.json",
            "opc_sse_kms_key_id": null,
            "source": null,
            "source_uri_details": [],
            "state": "COMPLETED",
            "storage_tier": "Standard",
            "timeouts": null,
            "version_id": "82ad0b0f-b656-4c3d-a045-ad19c9e2a4ca",
            "work_request_id": ""
          },
          "sensitive_attributes": [],
          "private": "eyJlMmJmYjczMC1lY2FhLTExZTYtOGY4OC0zNDM2M2JjN2M0YzAiOnsiY3JlYXRlIjoxMjAwMDAwMDAwMDAwLCJkZWxldGUiOjEyMDAwMDAwMDAwMDAsInVwZGF0ZSI6MTIwMDAwMDAwMDAwMH19",
          "dependencies": [
            "module.comm.data.local_file.load_compartment_data",
            "module.comm.data.local_file.load_vcn_data",
            "module.comm.data.oci_objectstorage_namespace.os_namespace",
            "module.comm.data.oci_objectstorage_object.created_objects_compartments",
            "module.comm.data.oci_objectstorage_object.created_objects_vcns",
            "oci_core_vcn.vcns"
          ]
        }
      ]
    }
  ],
  "check_results": null
}
